
Microsoft Visual Studio Solution File, Format Version 12.00
# Visual Studio Version 17
VisualStudioVersion = 17.0.31903.59
MinimumVisualStudioVersion = 10.0.40219.1
Project("{2150E333-8FDC-42A3-9474-1A3956D46DE8}") = "src", "src", "{7A51BC57-BACA-4C31-9482-7CEB463B3B6F}"
EndProject
Project("{FAE04EC0-301F-11D3-BF4B-00C04F79EFBC}") = "FamilyOS.Contracts", "src\FamilyOS.Contracts\FamilyOS.Contracts.csproj", "{26A49CF4-08FF-4DBA-9413-88541801850A}"
EndProject
Project("{FAE04EC0-301F-11D3-BF4B-00C04F79EFBC}") = "FamilyOS.Domain", "src\FamilyOS.Domain\FamilyOS.Domain.csproj", "{ED894327-DC94-4291-B592-687B43AEDCDA}"
EndProject
Project("{FAE04EC0-301F-11D3-BF4B-00C04F79EFBC}") = "FamilyOS.Application", "src\FamilyOS.Application\FamilyOS.Application.csproj", "{847E8100-8410-4D5B-8B53-31B98BFC75CD}"
EndProject
Project("{FAE04EC0-301F-11D3-BF4B-00C04F79EFBC}") = "FamilyOS.Infrastructure", "src\FamilyOS.Infrastructure\FamilyOS.Infrastructure.csproj", "{C6F353B4-D9FD-4DC9-9CE7-BCCBC5A97C87}"
EndProject
Project("{FAE04EC0-301F-11D3-BF4B-00C04F79EFBC}") = "FamilyOS.Api", "src\FamilyOS.Api\FamilyOS.Api.csproj", "{8FDB96D5-81FA-426F-8B32-16DF4E837F0F}"
EndProject
Project("{2150E333-8FDC-42A3-9474-1A3956D46DE8}") = "tests", "tests", "{48362918-BF1A-4059-ACD9-D8CBB7EBC6DB}"
EndProject
Project("{FAE04EC0-301F-11D3-BF4B-00C04F79EFBC}") = "FamilyOS.Domain.Tests", "tests\FamilyOS.Domain.Tests\FamilyOS.Domain.Tests.csproj", "{D00C8E82-2927-48E7-A112-6FE1874583E4}"
EndProject
Global
	GlobalSection(SolutionConfigurationPlatforms) = preSolution
		Debug|Any CPU = Debug|Any CPU
		Release|Any CPU = Release|Any CPU
	EndGlobalSection
	GlobalSection(SolutionProperties) = preSolution
		HideSolutionNode = FALSE
	EndGlobalSection
	GlobalSection(ProjectConfigurationPlatforms) = postSolution
		{26A49CF4-08FF-4DBA-9413-88541801850A}.Debug|Any CPU.ActiveCfg = Debug|Any CPU
		{26A49CF4-08FF-4DBA-9413-88541801850A}.Debug|Any CPU.Build.0 = Debug|Any CPU
		{26A49CF4-08FF-4DBA-9413-88541801850A}.Release|Any CPU.ActiveCfg = Release|Any CPU
		{26A49CF4-08FF-4DBA-9413-88541801850A}.Release|Any CPU.Build.0 = Release|Any CPU
		{ED894327-DC94-4291-B592-687B43AEDCDA}.Debug|Any CPU.ActiveCfg = Debug|Any CPU
		{ED894327-DC94-4291-B592-687B43AEDCDA}.Debug|Any CPU.Build.0 = Debug|Any CPU
		{ED894327-DC94-4291-B592-687B43AEDCDA}.Release|Any CPU.ActiveCfg = Release|Any CPU
		{ED894327-DC94-4291-B592-687B43AEDCDA}.Release|Any CPU.Build.0 = Release|Any CPU
		{847E8100-8410-4D5B-8B53-31B98BFC75CD}.Debug|Any CPU.ActiveCfg = Debug|Any CPU
		{847E8100-8410-4D5B-8B53-31B98BFC75CD}.Debug|Any CPU.Build.0 = Debug|Any CPU
		{847E8100-8410-4D5B-8B53-31B98BFC75CD}.Release|Any CPU.ActiveCfg = Release|Any CPU
		{847E8100-8410-4D5B-8B53-31B98BFC75CD}.Release|Any CPU.Build.0 = Release|Any CPU
		{C6F353B4-D9FD-4DC9-9CE7-BCCBC5A97C87}.Debug|Any CPU.ActiveCfg = Debug|Any CPU
		{C6F353B4-D9FD-4DC9-9CE7-BCCBC5A97C87}.Debug|Any CPU.Build.0 = Debug|Any CPU
		{C6F353B4-D9FD-4DC9-9CE7-BCCBC5A97C87}.Release|Any CPU.ActiveCfg = Release|Any CPU
		{C6F353B4-D9FD-4DC9-9CE7-BCCBC5A97C87}.Release|Any CPU.Build.0 = Release|Any CPU
		{8FDB96D5-81FA-426F-8B32-16DF4E837F0F}.Debug|Any CPU.ActiveCfg = Debug|Any CPU
		{8FDB96D5-81FA-426F-8B32-16DF4E837F0F}.Debug|Any CPU.Build.0 = Debug|Any CPU
		{8FDB96D5-81FA-426F-8B32-16DF4E837F0F}.Release|Any CPU.ActiveCfg = Release|Any CPU
		{8FDB96D5-81FA-426F-8B32-16DF4E837F0F}.Release|Any CPU.Build.0 = Release|Any CPU
		{D00C8E82-2927-48E7-A112-6FE1874583E4}.Debug|Any CPU.ActiveCfg = Debug|Any CPU
		{D00C8E82-2927-48E7-A112-6FE1874583E4}.Debug|Any CPU.Build.0 = Debug|Any CPU
		{D00C8E82-2927-48E7-A112-6FE1874583E4}.Release|Any CPU.ActiveCfg = Release|Any CPU
		{D00C8E82-2927-48E7-A112-6FE1874583E4}.Release|Any CPU.Build.0 = Release|Any CPU
	EndGlobalSection
	GlobalSection(NestedProjects) = preSolution
		{26A49CF4-08FF-4DBA-9413-88541801850A} = {7A51BC57-BACA-4C31-9482-7CEB463B3B6F}
		{ED894327-DC94-4291-B592-687B43AEDCDA} = {7A51BC57-BACA-4C31-9482-7CEB463B3B6F}
		{847E8100-8410-4D5B-8B53-31B98BFC75CD} = {7A51BC57-BACA-4C31-9482-7CEB463B3B6F}
		{C6F353B4-D9FD-4DC9-9CE7-BCCBC5A97C87} = {7A51BC57-BACA-4C31-9482-7CEB463B3B6F}
		{8FDB96D5-81FA-426F-8B32-16DF4E837F0F} = {7A51BC57-BACA-4C31-9482-7CEB463B3B6F}
		{D00C8E82-2927-48E7-A112-6FE1874583E4} = {48362918-BF1A-4059-ACD9-D8CBB7EBC6DB}
	EndGlobalSection
EndGlobal
